
Microsoft Visual Studio Solution File, Format Version 12.00
# Visual Studio Version 16
VisualStudioVersion = 25.0.1706.4
MinimumVisualStudioVersion = 10.0.40219.1
Project("{FAE04EC0-301F-11D3-BF4B-00C04F79EFBC}") = "role-games", "role-games\role-games.csproj", "{0D7E27F9-D21C-40A0-9647-0972546CB22B}"
EndProject
Global
	GlobalSection(SolutionConfigurationPlatforms) = preSolution
		Debug|Any CPU = Debug|Any CPU
		Release|Any CPU = Release|Any CPU
	EndGlobalSection
	GlobalSection(ProjectConfigurationPlatforms) = postSolution
		{0D7E27F9-D21C-40A0-9647-0972546CB22B}.Debug|Any CPU.ActiveCfg = Debug|Any CPU
		{0D7E27F9-D21C-40A0-9647-0972546CB22B}.Debug|Any CPU.Build.0 = Debug|Any CPU
		{0D7E27F9-D21C-40A0-9647-0972546CB22B}.Release|Any CPU.ActiveCfg = Release|Any CPU
		{0D7E27F9-D21C-40A0-9647-0972546CB22B}.Release|Any CPU.Build.0 = Release|Any CPU
	EndGlobalSection
	GlobalSection(SolutionProperties) = preSolution
		HideSolutionNode = FALSE
	EndGlobalSection
	GlobalSection(ExtensibilityGlobals) = postSolution
		SolutionGuid = {397D1DD0-FA03-4960-9252-E12FE1D1E705}
	EndGlobalSection
EndGlobal
